
Microsoft Visual Studio Solution File, Format Version 12.00
# Visual Studio Version 17
VisualStudioVersion = 17.11.35222.181
MinimumVisualStudioVersion = 10.0.40219.1
Project("{FAE04EC0-301F-11D3-BF4B-00C04F79EFBC}") = "3", "3\3.csproj", "{9AF8B7E6-952B-4850-8F0B-F0CC7837CECE}"
EndProject
Global
	GlobalSection(SolutionConfigurationPlatforms) = preSolution
		Debug|Any CPU = Debug|Any CPU
		Release|Any CPU = Release|Any CPU
	EndGlobalSection
	GlobalSection(ProjectConfigurationPlatforms) = postSolution
		{9AF8B7E6-952B-4850-8F0B-F0CC7837CECE}.Debug|Any CPU.ActiveCfg = Debug|Any CPU
		{9AF8B7E6-952B-4850-8F0B-F0CC7837CECE}.Debug|Any CPU.Build.0 = Debug|Any CPU
		{9AF8B7E6-952B-4850-8F0B-F0CC7837CECE}.Release|Any CPU.ActiveCfg = Release|Any CPU
		{9AF8B7E6-952B-4850-8F0B-F0CC7837CECE}.Release|Any CPU.Build.0 = Release|Any CPU
	EndGlobalSection
	GlobalSection(SolutionProperties) = preSolution
		HideSolutionNode = FALSE
	EndGlobalSection
	GlobalSection(ExtensibilityGlobals) = postSolution
		SolutionGuid = {F3BF3DB7-D2BD-47B2-AD45-B569BFDA915E}
	EndGlobalSection
EndGlobal
