
Microsoft Visual Studio Solution File, Format Version 12.00
# Visual Studio Version 17
VisualStudioVersion = 17.11.35222.181
MinimumVisualStudioVersion = 10.0.40219.1
Project("{FAE04EC0-301F-11D3-BF4B-00C04F79EFBC}") = "1", "1\1.csproj", "{46DB1FE4-8F6B-4F8D-ADBC-31451FB82CDD}"
EndProject
Global
	GlobalSection(SolutionConfigurationPlatforms) = preSolution
		Debug|Any CPU = Debug|Any CPU
		Release|Any CPU = Release|Any CPU
	EndGlobalSection
	GlobalSection(ProjectConfigurationPlatforms) = postSolution
		{46DB1FE4-8F6B-4F8D-ADBC-31451FB82CDD}.Debug|Any CPU.ActiveCfg = Debug|Any CPU
		{46DB1FE4-8F6B-4F8D-ADBC-31451FB82CDD}.Debug|Any CPU.Build.0 = Debug|Any CPU
		{46DB1FE4-8F6B-4F8D-ADBC-31451FB82CDD}.Release|Any CPU.ActiveCfg = Release|Any CPU
		{46DB1FE4-8F6B-4F8D-ADBC-31451FB82CDD}.Release|Any CPU.Build.0 = Release|Any CPU
	EndGlobalSection
	GlobalSection(SolutionProperties) = preSolution
		HideSolutionNode = FALSE
	EndGlobalSection
	GlobalSection(ExtensibilityGlobals) = postSolution
		SolutionGuid = {5F9F7E81-C646-4948-B006-1361F2B3A985}
	EndGlobalSection
EndGlobal
