
Microsoft Visual Studio Solution File, Format Version 12.00
# Visual Studio Version 17
VisualStudioVersion = 17.11.35222.181
MinimumVisualStudioVersion = 10.0.40219.1
Project("{FAE04EC0-301F-11D3-BF4B-00C04F79EFBC}") = "5", "5\5.csproj", "{448D0771-67E6-4458-8E4F-76927BF45DA3}"
EndProject
Global
	GlobalSection(SolutionConfigurationPlatforms) = preSolution
		Debug|Any CPU = Debug|Any CPU
		Release|Any CPU = Release|Any CPU
	EndGlobalSection
	GlobalSection(ProjectConfigurationPlatforms) = postSolution
		{448D0771-67E6-4458-8E4F-76927BF45DA3}.Debug|Any CPU.ActiveCfg = Debug|Any CPU
		{448D0771-67E6-4458-8E4F-76927BF45DA3}.Debug|Any CPU.Build.0 = Debug|Any CPU
		{448D0771-67E6-4458-8E4F-76927BF45DA3}.Release|Any CPU.ActiveCfg = Release|Any CPU
		{448D0771-67E6-4458-8E4F-76927BF45DA3}.Release|Any CPU.Build.0 = Release|Any CPU
	EndGlobalSection
	GlobalSection(SolutionProperties) = preSolution
		HideSolutionNode = FALSE
	EndGlobalSection
	GlobalSection(ExtensibilityGlobals) = postSolution
		SolutionGuid = {762EDD0E-1C7B-49E2-B5FA-1E1849E09750}
	EndGlobalSection
EndGlobal
