
Microsoft Visual Studio Solution File, Format Version 12.00
# Visual Studio Version 17
VisualStudioVersion = 17.11.35222.181
MinimumVisualStudioVersion = 10.0.40219.1
Project("{FAE04EC0-301F-11D3-BF4B-00C04F79EFBC}") = "2", "2\2.csproj", "{66482465-A517-4696-A5D0-0FBB7417FE02}"
EndProject
Global
	GlobalSection(SolutionConfigurationPlatforms) = preSolution
		Debug|Any CPU = Debug|Any CPU
		Release|Any CPU = Release|Any CPU
	EndGlobalSection
	GlobalSection(ProjectConfigurationPlatforms) = postSolution
		{66482465-A517-4696-A5D0-0FBB7417FE02}.Debug|Any CPU.ActiveCfg = Debug|Any CPU
		{66482465-A517-4696-A5D0-0FBB7417FE02}.Debug|Any CPU.Build.0 = Debug|Any CPU
		{66482465-A517-4696-A5D0-0FBB7417FE02}.Release|Any CPU.ActiveCfg = Release|Any CPU
		{66482465-A517-4696-A5D0-0FBB7417FE02}.Release|Any CPU.Build.0 = Release|Any CPU
	EndGlobalSection
	GlobalSection(SolutionProperties) = preSolution
		HideSolutionNode = FALSE
	EndGlobalSection
	GlobalSection(ExtensibilityGlobals) = postSolution
		SolutionGuid = {8695F874-F61A-48FA-B6BB-E153B4EC5687}
	EndGlobalSection
EndGlobal
